
Microsoft Visual Studio Solution File, Format Version 12.00
# Visual Studio 15
VisualStudioVersion = 15.0.28010.2036
MinimumVisualStudioVersion = 10.0.40219.1
Project("{9A19103F-16F7-4668-BE54-9A1E7A4F7556}") = "times", "src\Times\times.csproj", "{8035F40C-C673-4CFA-8D61-8AA61CF39D78}"
EndProject
Project("{9A19103F-16F7-4668-BE54-9A1E7A4F7556}") = "times.core", "src\times.core\times.core.csproj", "{4E1FE1BE-6C47-4487-ABB4-5FD7FFCFD7AC}"
EndProject
Project("{9A19103F-16F7-4668-BE54-9A1E7A4F7556}") = "times.domain", "src\times.domain\times.domain.csproj", "{02A7C369-F0BB-402A-B416-D70AF23901C5}"
EndProject
Project("{9A19103F-16F7-4668-BE54-9A1E7A4F7556}") = "times.web", "src\times.web\times.web.csproj", "{203C61D5-E6CA-47B3-A2C8-258D7DB56908}"
EndProject
Project("{9A19103F-16F7-4668-BE54-9A1E7A4F7556}") = "times.cmd", "src\times.cmd\times.cmd.csproj", "{03327316-9030-4E50-BF48-05B681BE36CD}"
EndProject
Project("{2150E333-8FDC-42A3-9474-1A3956D46DE8}") = "test", "test", "{954B5196-CD7D-41F5-BDD6-BCB9F1A50ACB}"
EndProject
Project("{9A19103F-16F7-4668-BE54-9A1E7A4F7556}") = "test.times.domain", "src-test\test.times.domain\test.times.domain.csproj", "{7C814C8F-B109-4370-A5AE-92EF9654304B}"
EndProject
Project("{9A19103F-16F7-4668-BE54-9A1E7A4F7556}") = "test.times.core", "src-test\test.times.core\test.times.core.csproj", "{49AC30C5-5786-420C-8E37-5C86A9984AAC}"
EndProject
Project("{2150E333-8FDC-42A3-9474-1A3956D46DE8}") = "SQL", "SQL", "{4BC3D25C-6051-4144-88B3-0D2E7930DDF2}"
	ProjectSection(SolutionItems) = preProject
		SQL\CheckAndCleanup.sql = SQL\CheckAndCleanup.sql
		SQL\CreateReadModelTables.sql = SQL\CreateReadModelTables.sql
		SQL\CreateTableEventFlowSnapshots.sql = SQL\CreateTableEventFlowSnapshots.sql
	EndProjectSection
EndProject
Global
	GlobalSection(SolutionConfigurationPlatforms) = preSolution
		Debug|Any CPU = Debug|Any CPU
		Release|Any CPU = Release|Any CPU
	EndGlobalSection
	GlobalSection(ProjectConfigurationPlatforms) = postSolution
		{8035F40C-C673-4CFA-8D61-8AA61CF39D78}.Debug|Any CPU.ActiveCfg = Debug|Any CPU
		{8035F40C-C673-4CFA-8D61-8AA61CF39D78}.Debug|Any CPU.Build.0 = Debug|Any CPU
		{8035F40C-C673-4CFA-8D61-8AA61CF39D78}.Release|Any CPU.ActiveCfg = Release|Any CPU
		{8035F40C-C673-4CFA-8D61-8AA61CF39D78}.Release|Any CPU.Build.0 = Release|Any CPU
		{4E1FE1BE-6C47-4487-ABB4-5FD7FFCFD7AC}.Debug|Any CPU.ActiveCfg = Debug|Any CPU
		{4E1FE1BE-6C47-4487-ABB4-5FD7FFCFD7AC}.Debug|Any CPU.Build.0 = Debug|Any CPU
		{4E1FE1BE-6C47-4487-ABB4-5FD7FFCFD7AC}.Release|Any CPU.ActiveCfg = Release|Any CPU
		{4E1FE1BE-6C47-4487-ABB4-5FD7FFCFD7AC}.Release|Any CPU.Build.0 = Release|Any CPU
		{02A7C369-F0BB-402A-B416-D70AF23901C5}.Debug|Any CPU.ActiveCfg = Debug|Any CPU
		{02A7C369-F0BB-402A-B416-D70AF23901C5}.Debug|Any CPU.Build.0 = Debug|Any CPU
		{02A7C369-F0BB-402A-B416-D70AF23901C5}.Release|Any CPU.ActiveCfg = Release|Any CPU
		{02A7C369-F0BB-402A-B416-D70AF23901C5}.Release|Any CPU.Build.0 = Release|Any CPU
		{203C61D5-E6CA-47B3-A2C8-258D7DB56908}.Debug|Any CPU.ActiveCfg = Debug|Any CPU
		{203C61D5-E6CA-47B3-A2C8-258D7DB56908}.Debug|Any CPU.Build.0 = Debug|Any CPU
		{203C61D5-E6CA-47B3-A2C8-258D7DB56908}.Release|Any CPU.ActiveCfg = Release|Any CPU
		{203C61D5-E6CA-47B3-A2C8-258D7DB56908}.Release|Any CPU.Build.0 = Release|Any CPU
		{03327316-9030-4E50-BF48-05B681BE36CD}.Debug|Any CPU.ActiveCfg = Debug|Any CPU
		{03327316-9030-4E50-BF48-05B681BE36CD}.Debug|Any CPU.Build.0 = Debug|Any CPU
		{03327316-9030-4E50-BF48-05B681BE36CD}.Release|Any CPU.ActiveCfg = Release|Any CPU
		{03327316-9030-4E50-BF48-05B681BE36CD}.Release|Any CPU.Build.0 = Release|Any CPU
		{7C814C8F-B109-4370-A5AE-92EF9654304B}.Debug|Any CPU.ActiveCfg = Debug|Any CPU
		{7C814C8F-B109-4370-A5AE-92EF9654304B}.Debug|Any CPU.Build.0 = Debug|Any CPU
		{7C814C8F-B109-4370-A5AE-92EF9654304B}.Release|Any CPU.ActiveCfg = Release|Any CPU
		{7C814C8F-B109-4370-A5AE-92EF9654304B}.Release|Any CPU.Build.0 = Release|Any CPU
		{49AC30C5-5786-420C-8E37-5C86A9984AAC}.Debug|Any CPU.ActiveCfg = Debug|Any CPU
		{49AC30C5-5786-420C-8E37-5C86A9984AAC}.Debug|Any CPU.Build.0 = Debug|Any CPU
		{49AC30C5-5786-420C-8E37-5C86A9984AAC}.Release|Any CPU.ActiveCfg = Release|Any CPU
		{49AC30C5-5786-420C-8E37-5C86A9984AAC}.Release|Any CPU.Build.0 = Release|Any CPU
	EndGlobalSection
	GlobalSection(SolutionProperties) = preSolution
		HideSolutionNode = FALSE
	EndGlobalSection
	GlobalSection(NestedProjects) = preSolution
		{7C814C8F-B109-4370-A5AE-92EF9654304B} = {954B5196-CD7D-41F5-BDD6-BCB9F1A50ACB}
		{49AC30C5-5786-420C-8E37-5C86A9984AAC} = {954B5196-CD7D-41F5-BDD6-BCB9F1A50ACB}
	EndGlobalSection
	GlobalSection(ExtensibilityGlobals) = postSolution
		SolutionGuid = {AD44CB4E-4231-48E8-A5A6-4FDCE087B4DF}
	EndGlobalSection
EndGlobal
